// !$*UTF8*$!
{
	archiveVersion = 1;
	classes = {
	};
	objectVersion = 50;
	objects = {

/* Begin PBXBuildFile section */
		2BF605822466CB6F00BA9CBF /* AppDelegate.swift in Sources */ = {isa = PBXBuildFile; fileRef = 2BF605812466CB6F00BA9CBF /* AppDelegate.swift */; };
		2BF605842466CB6F00BA9CBF /* SceneDelegate.swift in Sources */ = {isa = PBXBuildFile; fileRef = 2BF605832466CB6F00BA9CBF /* SceneDelegate.swift */; };
		2BF605862466CB6F00BA9CBF /* ViewController.swift in Sources */ = {isa = PBXBuildFile; fileRef = 2BF605852466CB6F00BA9CBF /* ViewController.swift */; };
		2BF605892466CB6F00BA9CBF /* Main.storyboard in Resources */ = {isa = PBXBuildFile; fileRef = 2BF605872466CB6F00BA9CBF /* Main.storyboard */; };
		2BF6058B2466CB7000BA9CBF /* Assets.xcassets in Resources */ = {isa = PBXBuildFile; fileRef = 2BF6058A2466CB7000BA9CBF /* Assets.xcassets */; };
		2BF6058E2466CB7000BA9CBF /* LaunchScreen.storyboard in Resources */ = {isa = PBXBuildFile; fileRef = 2BF6058C2466CB7000BA9CBF /* LaunchScreen.storyboard */; };
/* End PBXBuildFile section */

/* Begin PBXFileReference section */
		2BF6057E2466CB6F00BA9CBF /* COVID-19-Vis.app */ = {isa = PBXFileReference; explicitFileType = wrapper.application; includeInIndex = 0; path = "COVID-19-Vis.app"; sourceTree = BUILT_PRODUCTS_DIR; };
		2BF605812466CB6F00BA9CBF /* AppDelegate.swift */ = {isa = PBXFileReference; lastKnownFileType = sourcecode.swift; path = AppDelegate.swift; sourceTree = "<group>"; };
		2BF605832466CB6F00BA9CBF /* SceneDelegate.swift */ = {isa = PBXFileReference; lastKnownFileType = sourcecode.swift; path = SceneDelegate.swift; sourceTree = "<group>"; };
		2BF605852466CB6F00BA9CBF /* ViewController.swift */ = {isa = PBXFileReference; lastKnownFileType = sourcecode.swift; path = ViewController.swift; sourceTree = "<group>"; };
		2BF605882466CB6F00BA9CBF /* Base */ = {isa = PBXFileReference; lastKnownFileType = file.storyboard; name = Base; path = Base.lproj/Main.storyboard; sourceTree = "<group>"; };
		2BF6058A2466CB7000BA9CBF /* Assets.xcassets */ = {isa = PBXFileReference; lastKnownFileType = folder.assetcatalog; path = Assets.xcassets; sourceTree = "<group>"; };
		2BF6058D2466CB7000BA9CBF /* Base */ = {isa = PBXFileReference; lastKnownFileType = file.storyboard; name = Base; path = Base.lproj/LaunchScreen.storyboard; sourceTree = "<group>"; };
		2BF6058F2466CB7000BA9CBF /* Info.plist */ = {isa = PBXFileReference; lastKnownFileType = text.plist.xml; path = Info.plist; sourceTree = "<group>"; };
/* End PBXFileReference section */

/* Begin PBXFrameworksBuildPhase section */
		2BF6057B2466CB6F00BA9CBF /* Frameworks */ = {
			isa = PBXFrameworksBuildPhase;
			buildActionMask = 2147483647;
			files = (
			);
			runOnlyForDeploymentPostprocessing = 0;
		};
/* End PBXFrameworksBuildPhase section */

/* Begin PBXGroup section */
		2BF605752466CB6F00BA9CBF = {
			isa = PBXGroup;
			children = (
				2BF605802466CB6F00BA9CBF /* COVID-19-Vis */,
				2BF6057F2466CB6F00BA9CBF /* Products */,
			);
			sourceTree = "<group>";
		};
		2BF6057F2466CB6F00BA9CBF /* Products */ = {
			isa = PBXGroup;
			children = (
				2BF6057E2466CB6F00BA9CBF /* COVID-19-Vis.app */,
			);
			name = Products;
			sourceTree = "<group>";
		};
		2BF605802466CB6F00BA9CBF /* COVID-19-Vis */ = {
			isa = PBXGroup;
			children = (
				2BF605812466CB6F00BA9CBF /* AppDelegate.swift */,
				2BF605832466CB6F00BA9CBF /* SceneDelegate.swift */,
				2BF605852466CB6F00BA9CBF /* ViewController.swift */,
				2BF605872466CB6F00BA9CBF /* Main.storyboard */,
				2BF6058A2466CB7000BA9CBF /* Assets.xcassets */,
				2BF6058C2466CB7000BA9CBF /* LaunchScreen.storyboard */,
				2BF6058F2466CB7000BA9CBF /* Info.plist */,
			);
			path = "COVID-19-Vis";
			sourceTree = "<group>";
		};
/* End PBXGroup section */

/* Begin PBXNativeTarget section */
		2BF6057D2466CB6F00BA9CBF /* COVID-19-Vis */ = {
			isa = PBXNativeTarget;
			buildConfigurationList = 2BF605922466CB7000BA9CBF /* Build configuration list for PBXNativeTarget "COVID-19-Vis" */;
			buildPhases = (
				2BF6057A2466CB6F00BA9CBF /* Sources */,
				2BF6057B2466CB6F00BA9CBF /* Frameworks */,
				2BF6057C2466CB6F00BA9CBF /* Resources */,
			);
			buildRules = (
			);
			dependencies = (
			);
			name = "COVID-19-Vis";
			productName = "COVID-19-Vis";
			productReference = 2BF6057E2466CB6F00BA9CBF /* COVID-19-Vis.app */;
			productType = "com.apple.product-type.application";
		};
/* End PBXNativeTarget section */

/* Begin PBXProject section */
		2BF605762466CB6F00BA9CBF /* Project object */ = {
			isa = PBXProject;
			attributes = {
				LastSwiftUpdateCheck = 1140;
				LastUpgradeCheck = 1140;
				ORGANIZATIONNAME = "104 Days, Inc.";
				TargetAttributes = {
					2BF6057D2466CB6F00BA9CBF = {
						CreatedOnToolsVersion = 11.4.1;
					};
				};
			};
			buildConfigurationList = 2BF605792466CB6F00BA9CBF /* Build configuration list for PBXProject "COVID-19-Vis" */;
			compatibilityVersion = "Xcode 9.3";
			developmentRegion = en;
			hasScannedForEncodings = 0;
			knownRegions = (
				en,
				Base,
			);
			mainGroup = 2BF605752466CB6F00BA9CBF;
			productRefGroup = 2BF6057F2466CB6F00BA9CBF /* Products */;
			projectDirPath = "";
			projectRoot = "";
			targets = (
				2BF6057D2466CB6F00BA9CBF /* COVID-19-Vis */,
			);
		};
/* End PBXProject section */

/* Begin PBXResourcesBuildPhase section */
		2BF6057C2466CB6F00BA9CBF /* Resources */ = {
			isa = PBXResourcesBuildPhase;
			buildActionMask = 2147483647;
			files = (
				2BF6058E2466CB7000BA9CBF /* LaunchScreen.storyboard in Resources */,
				2BF6058B2466CB7000BA9CBF /* Assets.xcassets in Resources */,
				2BF605892466CB6F00BA9CBF /* Main.storyboard in Resources */,
			);
			runOnlyForDeploymentPostprocessing = 0;
		};
/* End PBXResourcesBuildPhase section */

/* Begin PBXSourcesBuildPhase section */
		2BF6057A2466CB6F00BA9CBF /* Sources */ = {
			isa = PBXSourcesBuildPhase;
			buildActionMask = 2147483647;
			files = (
				2BF605862466CB6F00BA9CBF /* ViewController.swift in Sources */,
				2BF605822466CB6F00BA9CBF /* AppDelegate.swift in Sources */,
				2BF605842466CB6F00BA9CBF /* SceneDelegate.swift in Sources */,
			);
			runOnlyForDeploymentPostprocessing = 0;
		};
/* End PBXSourcesBuildPhase section */

/* Begin PBXVariantGroup section */
		2BF605872466CB6F00BA9CBF /* Main.storyboard */ = {
			isa = PBXVariantGroup;
			children = (
				2BF605882466CB6F00BA9CBF /* Base */,
			);
			name = Main.storyboard;
			sourceTree = "<group>";
		};
		2BF6058C2466CB7000BA9CBF /* LaunchScreen.storyboard */ = {
			isa = PBXVariantGroup;
			children = (
				2BF6058D2466CB7000BA9CBF /* Base */,
			);
			name = LaunchScreen.storyboard;
			sourceTree = "<group>";
		};
/* End PBXVariantGroup section */

/* Begin XCBuildConfiguration section */
		2BF605902466CB7000BA9CBF /* Debug */ = {
			isa = XCBuildConfiguration;
			buildSettings = {
				ALWAYS_SEARCH_USER_PATHS = NO;
				CLANG_ANALYZER_NONNULL = YES;
				CLANG_ANALYZER_NUMBER_OBJECT_CONVERSION = YES_AGGRESSIVE;
				CLANG_CXX_LANGUAGE_STANDARD = "gnu++14";
				CLANG_CXX_LIBRARY = "libc++";
				CLANG_ENABLE_MODULES = YES;
				CLANG_ENABLE_OBJC_ARC = YES;
				CLANG_ENABLE_OBJC_WEAK = YES;
				CLANG_WARN_BLOCK_CAPTURE_AUTORELEASING = YES;
				CLANG_WARN_BOOL_CONVERSION = YES;
				CLANG_WARN_COMMA = YES;
				CLANG_WARN_CONSTANT_CONVERSION = YES;
				CLANG_WARN_DEPRECATED_OBJC_IMPLEMENTATIONS = YES;
				CLANG_WARN_DIRECT_OBJC_ISA_USAGE = YES_ERROR;
				CLANG_WARN_DOCUMENTATION_COMMENTS = YES;
				CLANG_WARN_EMPTY_BODY = YES;
				CLANG_WARN_ENUM_CONVERSION = YES;
				CLANG_WARN_INFINITE_RECURSION = YES;
				CLANG_WARN_INT_CONVERSION = YES;
				CLANG_WARN_NON_LITERAL_NULL_CONVERSION = YES;
				CLANG_WARN_OBJC_IMPLICIT_RETAIN_SELF = YES;
				CLANG_WARN_OBJC_LITERAL_CONVERSION = YES;
				CLANG_WARN_OBJC_ROOT_CLASS = YES_ERROR;
				CLANG_WARN_RANGE_LOOP_ANALYSIS = YES;
				CLANG_WARN_STRICT_PROTOTYPES = YES;
				CLANG_WARN_SUSPICIOUS_MOVE = YES;
				CLANG_WARN_UNGUARDED_AVAILABILITY = YES_AGGRESSIVE;
				CLANG_WARN_UNREACHABLE_CODE = YES;
				CLANG_WARN__DUPLICATE_METHOD_MATCH = YES;
				COPY_PHASE_STRIP = NO;
				DEBUG_INFORMATION_FORMAT = dwarf;
				ENABLE_STRICT_OBJC_MSGSEND = YES;
				ENABLE_TESTABILITY = YES;
				GCC_C_LANGUAGE_STANDARD = gnu11;
				GCC_DYNAMIC_NO_PIC = NO;
				GCC_NO_COMMON_BLOCKS = YES;
				GCC_OPTIMIZATION_LEVEL = 0;
				GCC_PREPROCESSOR_DEFINITIONS = (
					"DEBUG=1",
					"$(inherited)",
				);
				GCC_WARN_64_TO_32_BIT_CONVERSION = YES;
				GCC_WARN_ABOUT_RETURN_TYPE = YES_ERROR;
				GCC_WARN_UNDECLARED_SELECTOR = YES;
				GCC_WARN_UNINITIALIZED_AUTOS = YES_AGGRESSIVE;
				GCC_WARN_UNUSED_FUNCTION = YES;
				GCC_WARN_UNUSED_VARIABLE = YES;
				IPHONEOS_DEPLOYMENT_TARGET = 13.4;
				MTL_ENABLE_DEBUG_INFO = INCLUDE_SOURCE;
				MTL_FAST_MATH = YES;
				ONLY_ACTIVE_ARCH = YES;
				SDKROOT = iphoneos;
				SWIFT_ACTIVE_COMPILATION_CONDITIONS = DEBUG;
				SWIFT_OPTIMIZATION_LEVEL = "-Onone";
			};
			name = Debug;
		};
		2BF605912466CB7000BA9CBF /* Release */ = {
			isa = XCBuildConfiguration;
			buildSettings = {
				ALWAYS_SEARCH_USER_PATHS = NO;
				CLANG_ANALYZER_NONNULL = YES;
				CLANG_ANALYZER_NUMBER_OBJECT_CONVERSION = YES_AGGRESSIVE;
				CLANG_CXX_LANGUAGE_STANDARD = "gnu++14";
				CLANG_CXX_LIBRARY = "libc++";
				CLANG_ENABLE_MODULES = YES;
				CLANG_ENABLE_OBJC_ARC = YES;
				CLANG_ENABLE_OBJC_WEAK = YES;
				CLANG_WARN_BLOCK_CAPTURE_AUTORELEASING = YES;
				CLANG_WARN_BOOL_CONVERSION = YES;
				CLANG_WARN_COMMA = YES;
				CLANG_WARN_CONSTANT_CONVERSION = YES;
				CLANG_WARN_DEPRECATED_OBJC_IMPLEMENTATIONS = YES;
				CLANG_WARN_DIRECT_OBJC_ISA_USAGE = YES_ERROR;
				CLANG_WARN_DOCUMENTATION_COMMENTS = YES;
				CLANG_WARN_EMPTY_BODY = YES;
				CLANG_WARN_ENUM_CONVERSION = YES;
				CLANG_WARN_INFINITE_RECURSION = YES;
				CLANG_WARN_INT_CONVERSION = YES;
				CLANG_WARN_NON_LITERAL_NULL_CONVERSION = YES;
				CLANG_WARN_OBJC_IMPLICIT_RETAIN_SELF = YES;
				CLANG_WARN_OBJC_LITERAL_CONVERSION = YES;
				CLANG_WARN_OBJC_ROOT_CLASS = YES_ERROR;
				CLANG_WARN_RANGE_LOOP_ANALYSIS = YES;
				CLANG_WARN_STRICT_PROTOTYPES = YES;
				CLANG_WARN_SUSPICIOUS_MOVE = YES;
				CLANG_WARN_UNGUARDED_AVAILABILITY = YES_AGGRESSIVE;
				CLANG_WARN_UNREACHABLE_CODE = YES;
				CLANG_WARN__DUPLICATE_METHOD_MATCH = YES;
				COPY_PHASE_STRIP = NO;
				DEBUG_INFORMATION_FORMAT = "dwarf-with-dsym";
				ENABLE_NS_ASSERTIONS = NO;
				ENABLE_STRICT_OBJC_MSGSEND = YES;
				GCC_C_LANGUAGE_STANDARD = gnu11;
				GCC_NO_COMMON_BLOCKS = YES;
				GCC_WARN_64_TO_32_BIT_CONVERSION = YES;
				GCC_WARN_ABOUT_RETURN_TYPE = YES_ERROR;
				GCC_WARN_UNDECLARED_SELECTOR = YES;
				GCC_WARN_UNINITIALIZED_AUTOS = YES_AGGRESSIVE;
				GCC_WARN_UNUSED_FUNCTION = YES;
				GCC_WARN_UNUSED_VARIABLE = YES;
				IPHONEOS_DEPLOYMENT_TARGET = 13.4;
				MTL_ENABLE_DEBUG_INFO = NO;
				MTL_FAST_MATH = YES;
				SDKROOT = iphoneos;
				SWIFT_COMPILATION_MODE = wholemodule;
				SWIFT_OPTIMIZATION_LEVEL = "-O";
				VALIDATE_PRODUCT = YES;
			};
			name = Release;
		};
		2BF605932466CB7000BA9CBF /* Debug */ = {
			isa = XCBuildConfiguration;
			buildSettings = {
				ASSETCATALOG_COMPILER_APPICON_NAME = AppIcon;
				CODE_SIGN_STYLE = Automatic;
				DEVELOPMENT_TEAM = MA2GUFBZMC;
				INFOPLIST_FILE = "COVID-19-Vis/Info.plist";
				LD_RUNPATH_SEARCH_PATHS = (
					"$(inherited)",
					"@executable_path/Frameworks",
				);
				PRODUCT_BUNDLE_IDENTIFIER = "com.104days.COVID-19-Vis";
				PRODUCT_NAME = "$(TARGET_NAME)";
				SWIFT_VERSION = 5.0;
				TARGETED_DEVICE_FAMILY = "1,2";
			};
			name = Debug;
		};
		2BF605942466CB7000BA9CBF /* Release */ = {
			isa = XCBuildConfiguration;
			buildSettings = {
				ASSETCATALOG_COMPILER_APPICON_NAME = AppIcon;
				CODE_SIGN_STYLE = Automatic;
				DEVELOPMENT_TEAM = MA2GUFBZMC;
				INFOPLIST_FILE = "COVID-19-Vis/Info.plist";
				LD_RUNPATH_SEARCH_PATHS = (
					"$(inherited)",
					"@executable_path/Frameworks",
				);
				PRODUCT_BUNDLE_IDENTIFIER = "com.104days.COVID-19-Vis";
				PRODUCT_NAME = "$(TARGET_NAME)";
				SWIFT_VERSION = 5.0;
				TARGETED_DEVICE_FAMILY = "1,2";
			};
			name = Release;
		};
/* End XCBuildConfiguration section */

/* Begin XCConfigurationList section */
		2BF605792466CB6F00BA9CBF /* Build configuration list for PBXProject "COVID-19-Vis" */ = {
			isa = XCConfigurationList;
			buildConfigurations = (
				2BF605902466CB7000BA9CBF /* Debug */,
				2BF605912466CB7000BA9CBF /* Release */,
			);
			defaultConfigurationIsVisible = 0;
			defaultConfigurationName = Release;
		};
		2BF605922466CB7000BA9CBF /* Build configuration list for PBXNativeTarget "COVID-19-Vis" */ = {
			isa = XCConfigurationList;
			buildConfigurations = (
				2BF605932466CB7000BA9CBF /* Debug */,
				2BF605942466CB7000BA9CBF /* Release */,
			);
			defaultConfigurationIsVisible = 0;
			defaultConfigurationName = Release;
		};
/* End XCConfigurationList section */
	};
	rootObject = 2BF605762466CB6F00BA9CBF /* Project object */;
}
